
Microsoft Visual Studio Solution File, Format Version 12.00
# Visual Studio Version 18
VisualStudioVersion = 18.1.11304.174
MinimumVisualStudioVersion = 10.0.40219.1
Project("{FAE04EC0-301F-11D3-BF4B-00C04F79EFBC}") = "Web_Service_A_Variantes", "Web_Service_A_Variantes\Web_Service_A_Variantes.csproj", "{8B776A08-B6AF-731A-B805-C5F948F3B935}"
EndProject
Global
	GlobalSection(SolutionConfigurationPlatforms) = preSolution
		Debug|Any CPU = Debug|Any CPU
		Release|Any CPU = Release|Any CPU
	EndGlobalSection
	GlobalSection(ProjectConfigurationPlatforms) = postSolution
		{8B776A08-B6AF-731A-B805-C5F948F3B935}.Debug|Any CPU.ActiveCfg = Debug|Any CPU
		{8B776A08-B6AF-731A-B805-C5F948F3B935}.Debug|Any CPU.Build.0 = Debug|Any CPU
		{8B776A08-B6AF-731A-B805-C5F948F3B935}.Release|Any CPU.ActiveCfg = Release|Any CPU
		{8B776A08-B6AF-731A-B805-C5F948F3B935}.Release|Any CPU.Build.0 = Release|Any CPU
	EndGlobalSection
	GlobalSection(SolutionProperties) = preSolution
		HideSolutionNode = FALSE
	EndGlobalSection
	GlobalSection(ExtensibilityGlobals) = postSolution
		SolutionGuid = {EC5DFF75-4DF4-4034-B54F-FAF05DC31344}
	EndGlobalSection
EndGlobal
